{
    "_readme": [
        "This file locks the dependencies of your project to a known state",
        "Read more about it at https://getcomposer.org/doc/01-basic-usage.md#installing-dependencies",
        "This file is @generated automatically"
    ],
    "content-hash": "afce2e1bd95f92611bb4c284a7bbf294",
    "packages": [
        {
            "name": "lunakid/anim-gif",
            "version": "dev-main",
            "source": {
                "type": "git",
                "url": "https://github.com/d4rkd0s/animgif.git",
                "reference": "000434239155c78277182df8f2ecf635f685c1e7"
            },
            "dist": {
                "type": "zip",
                "url": "https://api.github.com/repos/d4rkd0s/animgif/zipball/000434239155c78277182df8f2ecf635f685c1e7",
                "reference": "000434239155c78277182df8f2ecf635f685c1e7",
                "shasum": ""
            },
            "require": {
                "php": ">=5.3.0"
            },
            "default-branch": true,
            "type": "library",
            "autoload": {
                "psr-0": {
                    "GifCreator": "src"
                }
            },
            "license": [
                "MIT"
            ],
            "authors": [
                {
                    "name": "Clément Guillemain",
                    "homepage": "http://clementguillemain.fr",
                    "role": "Developer / Freelancer"
                },
                {
                    "name": "Szabolcs Szász",
                    "homepage": "http://github.com/lunakid",
                    "role": "Developer / Freelancer"
                },
                {
                    "name": "Logan Schmidt",
                    "homepage": "http://github.com/d4rkd0s",
                    "role": "DevOps until people don't work anymore"
                }
            ],
            "description": "PHP class to create an animated GIF from multiple images",
            "homepage": "https://github.com/lunakid/AnimGif",
            "keywords": [
                "PHP",
                "animated",
                "creation",
                "encode",
                "gif"
            ],
            "support": {
                "source": "https://github.com/d4rkd0s/animgif/tree/main"
            },
            "time": "2022-05-11T04:23:48+00:00"
        }
    ],
    "packages-dev": [],
    "aliases": [],
    "minimum-stability": "stable",
    "stability-flags": {
        "lunakid/anim-gif": 20
    },
    "prefer-stable": false,
    "prefer-lowest": false,
    "platform": [],
    "platform-dev": [],
    "platform-overrides": {
        "php": "7.2"
    },
    "plugin-api-version": "2.3.0"
}
